
Microsoft Visual Studio Solution File, Format Version 12.00
# Visual Studio Version 17
VisualStudioVersion = 17.4.33110.190
MinimumVisualStudioVersion = 10.0.40219.1
Project("{9A19103F-16F7-4668-BE54-9A1E7A4F7556}") = "prometheus-net-dotpulsar", "prometheus-net-dotpulsar.csproj", "{BEEBCCE8-49F0-4A99-91D8-F2A1AEE6B6BD}"
EndProject
Global
	GlobalSection(SolutionConfigurationPlatforms) = preSolution
		Debug|Any CPU = Debug|Any CPU
		Release|Any CPU = Release|Any CPU
	EndGlobalSection
	GlobalSection(ProjectConfigurationPlatforms) = postSolution
		{BEEBCCE8-49F0-4A99-91D8-F2A1AEE6B6BD}.Debug|Any CPU.ActiveCfg = Debug|Any CPU
		{BEEBCCE8-49F0-4A99-91D8-F2A1AEE6B6BD}.Debug|Any CPU.Build.0 = Debug|Any CPU
		{BEEBCCE8-49F0-4A99-91D8-F2A1AEE6B6BD}.Release|Any CPU.ActiveCfg = Release|Any CPU
		{BEEBCCE8-49F0-4A99-91D8-F2A1AEE6B6BD}.Release|Any CPU.Build.0 = Release|Any CPU
	EndGlobalSection
	GlobalSection(SolutionProperties) = preSolution
		HideSolutionNode = FALSE
	EndGlobalSection
	GlobalSection(ExtensibilityGlobals) = postSolution
		SolutionGuid = {2BB7CD96-385C-4451-BFCB-39ACCCEF1A5E}
	EndGlobalSection
EndGlobal
